
Microsoft Visual Studio Solution File, Format Version 12.00
# Visual Studio Version 16
VisualStudioVersion = 16.0.29201.188
MinimumVisualStudioVersion = 10.0.40219.1
Project("{FAE04EC0-301F-11D3-BF4B-00C04F79EFBC}") = "Pong", "Pong\Pong.csproj", "{793AA364-D965-4D32-9A3E-DCC49B31E97A}"
EndProject
Global
	GlobalSection(SolutionConfigurationPlatforms) = preSolution
		Debug|Any CPU = Debug|Any CPU
		Release|Any CPU = Release|Any CPU
	EndGlobalSection
	GlobalSection(ProjectConfigurationPlatforms) = postSolution
		{793AA364-D965-4D32-9A3E-DCC49B31E97A}.Debug|Any CPU.ActiveCfg = Debug|Any CPU
		{793AA364-D965-4D32-9A3E-DCC49B31E97A}.Debug|Any CPU.Build.0 = Debug|Any CPU
		{793AA364-D965-4D32-9A3E-DCC49B31E97A}.Release|Any CPU.ActiveCfg = Release|Any CPU
		{793AA364-D965-4D32-9A3E-DCC49B31E97A}.Release|Any CPU.Build.0 = Release|Any CPU
	EndGlobalSection
	GlobalSection(SolutionProperties) = preSolution
		HideSolutionNode = FALSE
	EndGlobalSection
	GlobalSection(ExtensibilityGlobals) = postSolution
		SolutionGuid = {5A1C2A59-1C7E-4A4A-90DD-1B648120066B}
	EndGlobalSection
EndGlobal
